// !$*UTF8*$!
{
	archiveVersion = 1;
	classes = {
	};
	objectVersion = 56;
	objects = {

/* Begin PBXBuildFile section */
		993BFDEF2BF2A50900ED95C1 /* AppDelegate.swift in Sources */ = {isa = PBXBuildFile; fileRef = 993BFDEE2BF2A50900ED95C1 /* AppDelegate.swift */; };
		993BFDF12BF2A50900ED95C1 /* SceneDelegate.swift in Sources */ = {isa = PBXBuildFile; fileRef = 993BFDF02BF2A50900ED95C1 /* SceneDelegate.swift */; };
		993BFDF32BF2A50900ED95C1 /* RMTabBarController.swift in Sources */ = {isa = PBXBuildFile; fileRef = 993BFDF22BF2A50900ED95C1 /* RMTabBarController.swift */; };
		993BFDF82BF2A50A00ED95C1 /* Assets.xcassets in Resources */ = {isa = PBXBuildFile; fileRef = 993BFDF72BF2A50A00ED95C1 /* Assets.xcassets */; };
		993BFDFB2BF2A50A00ED95C1 /* Base in Resources */ = {isa = PBXBuildFile; fileRef = 993BFDFA2BF2A50A00ED95C1 /* Base */; };
		993BFE0B2BF2B04100ED95C1 /* RMCharacterViewController.swift in Sources */ = {isa = PBXBuildFile; fileRef = 993BFE0A2BF2B04100ED95C1 /* RMCharacterViewController.swift */; };
		993BFE0D2BF2B04F00ED95C1 /* RMEpisodeViewController.swift in Sources */ = {isa = PBXBuildFile; fileRef = 993BFE0C2BF2B04F00ED95C1 /* RMEpisodeViewController.swift */; };
		993BFE0F2BF2B06300ED95C1 /* RMLocationViewController.swift in Sources */ = {isa = PBXBuildFile; fileRef = 993BFE0E2BF2B06300ED95C1 /* RMLocationViewController.swift */; };
		993BFE112BF2B07100ED95C1 /* RMSettingsViewController.swift in Sources */ = {isa = PBXBuildFile; fileRef = 993BFE102BF2B07100ED95C1 /* RMSettingsViewController.swift */; };
		993BFE132BF2B09C00ED95C1 /* RMEpisode.swift in Sources */ = {isa = PBXBuildFile; fileRef = 993BFE122BF2B09C00ED95C1 /* RMEpisode.swift */; };
		993BFE152BF2B0A800ED95C1 /* RMLocation.swift in Sources */ = {isa = PBXBuildFile; fileRef = 993BFE142BF2B0A800ED95C1 /* RMLocation.swift */; };
		993BFE172BF2B0B800ED95C1 /* RMCharacter.swift in Sources */ = {isa = PBXBuildFile; fileRef = 993BFE162BF2B0B800ED95C1 /* RMCharacter.swift */; };
		996BCF972C06EC9300EC4C0A /* RMService.swift in Sources */ = {isa = PBXBuildFile; fileRef = 996BCF962C06EC9300EC4C0A /* RMService.swift */; };
		996BCF992C06ECAB00EC4C0A /* RMRequest.swift in Sources */ = {isa = PBXBuildFile; fileRef = 996BCF982C06ECAB00EC4C0A /* RMRequest.swift */; };
		996BCF9B2C06ECB700EC4C0A /* RMEndPoint.swift in Sources */ = {isa = PBXBuildFile; fileRef = 996BCF9A2C06ECB700EC4C0A /* RMEndPoint.swift */; };
/* End PBXBuildFile section */

/* Begin PBXFileReference section */
		993BFDEB2BF2A50900ED95C1 /* RickyAndMorty.app */ = {isa = PBXFileReference; explicitFileType = wrapper.application; includeInIndex = 0; path = RickyAndMorty.app; sourceTree = BUILT_PRODUCTS_DIR; };
		993BFDEE2BF2A50900ED95C1 /* AppDelegate.swift */ = {isa = PBXFileReference; lastKnownFileType = sourcecode.swift; path = AppDelegate.swift; sourceTree = "<group>"; };
		993BFDF02BF2A50900ED95C1 /* SceneDelegate.swift */ = {isa = PBXFileReference; lastKnownFileType = sourcecode.swift; path = SceneDelegate.swift; sourceTree = "<group>"; };
		993BFDF22BF2A50900ED95C1 /* RMTabBarController.swift */ = {isa = PBXFileReference; lastKnownFileType = sourcecode.swift; path = RMTabBarController.swift; sourceTree = "<group>"; };
		993BFDF72BF2A50A00ED95C1 /* Assets.xcassets */ = {isa = PBXFileReference; lastKnownFileType = folder.assetcatalog; path = Assets.xcassets; sourceTree = "<group>"; };
		993BFDFA2BF2A50A00ED95C1 /* Base */ = {isa = PBXFileReference; lastKnownFileType = file.storyboard; name = Base; path = Base.lproj/LaunchScreen.storyboard; sourceTree = "<group>"; };
		993BFDFC2BF2A50A00ED95C1 /* Info.plist */ = {isa = PBXFileReference; lastKnownFileType = text.plist.xml; path = Info.plist; sourceTree = "<group>"; };
		993BFE0A2BF2B04100ED95C1 /* RMCharacterViewController.swift */ = {isa = PBXFileReference; lastKnownFileType = sourcecode.swift; path = RMCharacterViewController.swift; sourceTree = "<group>"; };
		993BFE0C2BF2B04F00ED95C1 /* RMEpisodeViewController.swift */ = {isa = PBXFileReference; lastKnownFileType = sourcecode.swift; path = RMEpisodeViewController.swift; sourceTree = "<group>"; };
		993BFE0E2BF2B06300ED95C1 /* RMLocationViewController.swift */ = {isa = PBXFileReference; lastKnownFileType = sourcecode.swift; path = RMLocationViewController.swift; sourceTree = "<group>"; };
		993BFE102BF2B07100ED95C1 /* RMSettingsViewController.swift */ = {isa = PBXFileReference; lastKnownFileType = sourcecode.swift; path = RMSettingsViewController.swift; sourceTree = "<group>"; };
		993BFE122BF2B09C00ED95C1 /* RMEpisode.swift */ = {isa = PBXFileReference; lastKnownFileType = sourcecode.swift; path = RMEpisode.swift; sourceTree = "<group>"; };
		993BFE142BF2B0A800ED95C1 /* RMLocation.swift */ = {isa = PBXFileReference; lastKnownFileType = sourcecode.swift; path = RMLocation.swift; sourceTree = "<group>"; };
		993BFE162BF2B0B800ED95C1 /* RMCharacter.swift */ = {isa = PBXFileReference; lastKnownFileType = sourcecode.swift; path = RMCharacter.swift; sourceTree = "<group>"; };
		996BCF962C06EC9300EC4C0A /* RMService.swift */ = {isa = PBXFileReference; lastKnownFileType = sourcecode.swift; path = RMService.swift; sourceTree = "<group>"; };
		996BCF982C06ECAB00EC4C0A /* RMRequest.swift */ = {isa = PBXFileReference; lastKnownFileType = sourcecode.swift; path = RMRequest.swift; sourceTree = "<group>"; };
		996BCF9A2C06ECB700EC4C0A /* RMEndPoint.swift */ = {isa = PBXFileReference; lastKnownFileType = sourcecode.swift; path = RMEndPoint.swift; sourceTree = "<group>"; };
/* End PBXFileReference section */

/* Begin PBXFrameworksBuildPhase section */
		993BFDE82BF2A50900ED95C1 /* Frameworks */ = {
			isa = PBXFrameworksBuildPhase;
			buildActionMask = 2147483647;
			files = (
			);
			runOnlyForDeploymentPostprocessing = 0;
		};
/* End PBXFrameworksBuildPhase section */

/* Begin PBXGroup section */
		993BFDE22BF2A50900ED95C1 = {
			isa = PBXGroup;
			children = (
				993BFDED2BF2A50900ED95C1 /* RickyAndMorty */,
				993BFDEC2BF2A50900ED95C1 /* Products */,
			);
			sourceTree = "<group>";
		};
		993BFDEC2BF2A50900ED95C1 /* Products */ = {
			isa = PBXGroup;
			children = (
				993BFDEB2BF2A50900ED95C1 /* RickyAndMorty.app */,
			);
			name = Products;
			sourceTree = "<group>";
		};
		993BFDED2BF2A50900ED95C1 /* RickyAndMorty */ = {
			isa = PBXGroup;
			children = (
				993BFE082BF2A59B00ED95C1 /* Resources */,
				993BFE072BF2A59000ED95C1 /* Managers */,
				993BFE062BF2A58700ED95C1 /* APIClient */,
				993BFE052BF2A57E00ED95C1 /* ViewModels */,
				993BFE042BF2A57700ED95C1 /* Views */,
				993BFE032BF2A56C00ED95C1 /* Models */,
				993BFE022BF2A55400ED95C1 /* Controllers */,
				993BFDFC2BF2A50A00ED95C1 /* Info.plist */,
			);
			path = RickyAndMorty;
			sourceTree = "<group>";
		};
		993BFE022BF2A55400ED95C1 /* Controllers */ = {
			isa = PBXGroup;
			children = (
				993BFE092BF2AFB500ED95C1 /* Core */,
			);
			path = Controllers;
			sourceTree = "<group>";
		};
		993BFE032BF2A56C00ED95C1 /* Models */ = {
			isa = PBXGroup;
			children = (
				993BFE122BF2B09C00ED95C1 /* RMEpisode.swift */,
				993BFE142BF2B0A800ED95C1 /* RMLocation.swift */,
				993BFE162BF2B0B800ED95C1 /* RMCharacter.swift */,
			);
			path = Models;
			sourceTree = "<group>";
		};
		993BFE042BF2A57700ED95C1 /* Views */ = {
			isa = PBXGroup;
			children = (
			);
			path = Views;
			sourceTree = "<group>";
		};
		993BFE052BF2A57E00ED95C1 /* ViewModels */ = {
			isa = PBXGroup;
			children = (
			);
			path = ViewModels;
			sourceTree = "<group>";
		};
		993BFE062BF2A58700ED95C1 /* APIClient */ = {
			isa = PBXGroup;
			children = (
				996BCF962C06EC9300EC4C0A /* RMService.swift */,
				996BCF982C06ECAB00EC4C0A /* RMRequest.swift */,
				996BCF9A2C06ECB700EC4C0A /* RMEndPoint.swift */,
			);
			path = APIClient;
			sourceTree = "<group>";
		};
		993BFE072BF2A59000ED95C1 /* Managers */ = {
			isa = PBXGroup;
			children = (
			);
			path = Managers;
			sourceTree = "<group>";
		};
		993BFE082BF2A59B00ED95C1 /* Resources */ = {
			isa = PBXGroup;
			children = (
				993BFDF72BF2A50A00ED95C1 /* Assets.xcassets */,
				993BFDF92BF2A50A00ED95C1 /* LaunchScreen.storyboard */,
				993BFDEE2BF2A50900ED95C1 /* AppDelegate.swift */,
				993BFDF02BF2A50900ED95C1 /* SceneDelegate.swift */,
			);
			path = Resources;
			sourceTree = "<group>";
		};
		993BFE092BF2AFB500ED95C1 /* Core */ = {
			isa = PBXGroup;
			children = (
				993BFDF22BF2A50900ED95C1 /* RMTabBarController.swift */,
				993BFE0A2BF2B04100ED95C1 /* RMCharacterViewController.swift */,
				993BFE0C2BF2B04F00ED95C1 /* RMEpisodeViewController.swift */,
				993BFE0E2BF2B06300ED95C1 /* RMLocationViewController.swift */,
				993BFE102BF2B07100ED95C1 /* RMSettingsViewController.swift */,
			);
			path = Core;
			sourceTree = "<group>";
		};
/* End PBXGroup section */

/* Begin PBXNativeTarget section */
		993BFDEA2BF2A50900ED95C1 /* RickyAndMorty */ = {
			isa = PBXNativeTarget;
			buildConfigurationList = 993BFDFF2BF2A50A00ED95C1 /* Build configuration list for PBXNativeTarget "RickyAndMorty" */;
			buildPhases = (
				993BFDE72BF2A50900ED95C1 /* Sources */,
				993BFDE82BF2A50900ED95C1 /* Frameworks */,
				993BFDE92BF2A50900ED95C1 /* Resources */,
			);
			buildRules = (
			);
			dependencies = (
			);
			name = RickyAndMorty;
			productName = RickyAndMorty;
			productReference = 993BFDEB2BF2A50900ED95C1 /* RickyAndMorty.app */;
			productType = "com.apple.product-type.application";
		};
/* End PBXNativeTarget section */

/* Begin PBXProject section */
		993BFDE32BF2A50900ED95C1 /* Project object */ = {
			isa = PBXProject;
			attributes = {
				BuildIndependentTargetsInParallel = 1;
				LastSwiftUpdateCheck = 1530;
				LastUpgradeCheck = 1530;
				TargetAttributes = {
					993BFDEA2BF2A50900ED95C1 = {
						CreatedOnToolsVersion = 15.3;
					};
				};
			};
			buildConfigurationList = 993BFDE62BF2A50900ED95C1 /* Build configuration list for PBXProject "RickyAndMorty" */;
			compatibilityVersion = "Xcode 14.0";
			developmentRegion = en;
			hasScannedForEncodings = 0;
			knownRegions = (
				en,
				Base,
			);
			mainGroup = 993BFDE22BF2A50900ED95C1;
			productRefGroup = 993BFDEC2BF2A50900ED95C1 /* Products */;
			projectDirPath = "";
			projectRoot = "";
			targets = (
				993BFDEA2BF2A50900ED95C1 /* RickyAndMorty */,
			);
		};
/* End PBXProject section */

/* Begin PBXResourcesBuildPhase section */
		993BFDE92BF2A50900ED95C1 /* Resources */ = {
			isa = PBXResourcesBuildPhase;
			buildActionMask = 2147483647;
			files = (
				993BFDF82BF2A50A00ED95C1 /* Assets.xcassets in Resources */,
				993BFDFB2BF2A50A00ED95C1 /* Base in Resources */,
			);
			runOnlyForDeploymentPostprocessing = 0;
		};
/* End PBXResourcesBuildPhase section */

/* Begin PBXSourcesBuildPhase section */
		993BFDE72BF2A50900ED95C1 /* Sources */ = {
			isa = PBXSourcesBuildPhase;
			buildActionMask = 2147483647;
			files = (
				993BFE0F2BF2B06300ED95C1 /* RMLocationViewController.swift in Sources */,
				993BFDF32BF2A50900ED95C1 /* RMTabBarController.swift in Sources */,
				993BFE132BF2B09C00ED95C1 /* RMEpisode.swift in Sources */,
				993BFE0B2BF2B04100ED95C1 /* RMCharacterViewController.swift in Sources */,
				993BFE172BF2B0B800ED95C1 /* RMCharacter.swift in Sources */,
				993BFE152BF2B0A800ED95C1 /* RMLocation.swift in Sources */,
				993BFDEF2BF2A50900ED95C1 /* AppDelegate.swift in Sources */,
				996BCF9B2C06ECB700EC4C0A /* RMEndPoint.swift in Sources */,
				996BCF972C06EC9300EC4C0A /* RMService.swift in Sources */,
				993BFE0D2BF2B04F00ED95C1 /* RMEpisodeViewController.swift in Sources */,
				993BFE112BF2B07100ED95C1 /* RMSettingsViewController.swift in Sources */,
				996BCF992C06ECAB00EC4C0A /* RMRequest.swift in Sources */,
				993BFDF12BF2A50900ED95C1 /* SceneDelegate.swift in Sources */,
			);
			runOnlyForDeploymentPostprocessing = 0;
		};
/* End PBXSourcesBuildPhase section */

/* Begin PBXVariantGroup section */
		993BFDF92BF2A50A00ED95C1 /* LaunchScreen.storyboard */ = {
			isa = PBXVariantGroup;
			children = (
				993BFDFA2BF2A50A00ED95C1 /* Base */,
			);
			name = LaunchScreen.storyboard;
			sourceTree = "<group>";
		};
/* End PBXVariantGroup section */

/* Begin XCBuildConfiguration section */
		993BFDFD2BF2A50A00ED95C1 /* Debug */ = {
			isa = XCBuildConfiguration;
			buildSettings = {
				ALWAYS_SEARCH_USER_PATHS = NO;
				ASSETCATALOG_COMPILER_GENERATE_SWIFT_ASSET_SYMBOL_EXTENSIONS = YES;
				CLANG_ANALYZER_NONNULL = YES;
				CLANG_ANALYZER_NUMBER_OBJECT_CONVERSION = YES_AGGRESSIVE;
				CLANG_CXX_LANGUAGE_STANDARD = "gnu++20";
				CLANG_ENABLE_MODULES = YES;
				CLANG_ENABLE_OBJC_ARC = YES;
				CLANG_ENABLE_OBJC_WEAK = YES;
				CLANG_WARN_BLOCK_CAPTURE_AUTORELEASING = YES;
				CLANG_WARN_BOOL_CONVERSION = YES;
				CLANG_WARN_COMMA = YES;
				CLANG_WARN_CONSTANT_CONVERSION = YES;
				CLANG_WARN_DEPRECATED_OBJC_IMPLEMENTATIONS = YES;
				CLANG_WARN_DIRECT_OBJC_ISA_USAGE = YES_ERROR;
				CLANG_WARN_DOCUMENTATION_COMMENTS = YES;
				CLANG_WARN_EMPTY_BODY = YES;
				CLANG_WARN_ENUM_CONVERSION = YES;
				CLANG_WARN_INFINITE_RECURSION = YES;
				CLANG_WARN_INT_CONVERSION = YES;
				CLANG_WARN_NON_LITERAL_NULL_CONVERSION = YES;
				CLANG_WARN_OBJC_IMPLICIT_RETAIN_SELF = YES;
				CLANG_WARN_OBJC_LITERAL_CONVERSION = YES;
				CLANG_WARN_OBJC_ROOT_CLASS = YES_ERROR;
				CLANG_WARN_QUOTED_INCLUDE_IN_FRAMEWORK_HEADER = YES;
				CLANG_WARN_RANGE_LOOP_ANALYSIS = YES;
				CLANG_WARN_STRICT_PROTOTYPES = YES;
				CLANG_WARN_SUSPICIOUS_MOVE = YES;
				CLANG_WARN_UNGUARDED_AVAILABILITY = YES_AGGRESSIVE;
				CLANG_WARN_UNREACHABLE_CODE = YES;
				CLANG_WARN__DUPLICATE_METHOD_MATCH = YES;
				COPY_PHASE_STRIP = NO;
				DEBUG_INFORMATION_FORMAT = dwarf;
				ENABLE_STRICT_OBJC_MSGSEND = YES;
				ENABLE_TESTABILITY = YES;
				ENABLE_USER_SCRIPT_SANDBOXING = YES;
				GCC_C_LANGUAGE_STANDARD = gnu17;
				GCC_DYNAMIC_NO_PIC = NO;
				GCC_NO_COMMON_BLOCKS = YES;
				GCC_OPTIMIZATION_LEVEL = 0;
				GCC_PREPROCESSOR_DEFINITIONS = (
					"DEBUG=1",
					"$(inherited)",
				);
				GCC_WARN_64_TO_32_BIT_CONVERSION = YES;
				GCC_WARN_ABOUT_RETURN_TYPE = YES_ERROR;
				GCC_WARN_UNDECLARED_SELECTOR = YES;
				GCC_WARN_UNINITIALIZED_AUTOS = YES_AGGRESSIVE;
				GCC_WARN_UNUSED_FUNCTION = YES;
				GCC_WARN_UNUSED_VARIABLE = YES;
				IPHONEOS_DEPLOYMENT_TARGET = 17.4;
				LOCALIZATION_PREFERS_STRING_CATALOGS = YES;
				MTL_ENABLE_DEBUG_INFO = INCLUDE_SOURCE;
				MTL_FAST_MATH = YES;
				ONLY_ACTIVE_ARCH = YES;
				SDKROOT = iphoneos;
				SWIFT_ACTIVE_COMPILATION_CONDITIONS = "DEBUG $(inherited)";
				SWIFT_OPTIMIZATION_LEVEL = "-Onone";
			};
			name = Debug;
		};
		993BFDFE2BF2A50A00ED95C1 /* Release */ = {
			isa = XCBuildConfiguration;
			buildSettings = {
				ALWAYS_SEARCH_USER_PATHS = NO;
				ASSETCATALOG_COMPILER_GENERATE_SWIFT_ASSET_SYMBOL_EXTENSIONS = YES;
				CLANG_ANALYZER_NONNULL = YES;
				CLANG_ANALYZER_NUMBER_OBJECT_CONVERSION = YES_AGGRESSIVE;
				CLANG_CXX_LANGUAGE_STANDARD = "gnu++20";
				CLANG_ENABLE_MODULES = YES;
				CLANG_ENABLE_OBJC_ARC = YES;
				CLANG_ENABLE_OBJC_WEAK = YES;
				CLANG_WARN_BLOCK_CAPTURE_AUTORELEASING = YES;
				CLANG_WARN_BOOL_CONVERSION = YES;
				CLANG_WARN_COMMA = YES;
				CLANG_WARN_CONSTANT_CONVERSION = YES;
				CLANG_WARN_DEPRECATED_OBJC_IMPLEMENTATIONS = YES;
				CLANG_WARN_DIRECT_OBJC_ISA_USAGE = YES_ERROR;
				CLANG_WARN_DOCUMENTATION_COMMENTS = YES;
				CLANG_WARN_EMPTY_BODY = YES;
				CLANG_WARN_ENUM_CONVERSION = YES;
				CLANG_WARN_INFINITE_RECURSION = YES;
				CLANG_WARN_INT_CONVERSION = YES;
				CLANG_WARN_NON_LITERAL_NULL_CONVERSION = YES;
				CLANG_WARN_OBJC_IMPLICIT_RETAIN_SELF = YES;
				CLANG_WARN_OBJC_LITERAL_CONVERSION = YES;
				CLANG_WARN_OBJC_ROOT_CLASS = YES_ERROR;
				CLANG_WARN_QUOTED_INCLUDE_IN_FRAMEWORK_HEADER = YES;
				CLANG_WARN_RANGE_LOOP_ANALYSIS = YES;
				CLANG_WARN_STRICT_PROTOTYPES = YES;
				CLANG_WARN_SUSPICIOUS_MOVE = YES;
				CLANG_WARN_UNGUARDED_AVAILABILITY = YES_AGGRESSIVE;
				CLANG_WARN_UNREACHABLE_CODE = YES;
				CLANG_WARN__DUPLICATE_METHOD_MATCH = YES;
				COPY_PHASE_STRIP = NO;
				DEBUG_INFORMATION_FORMAT = "dwarf-with-dsym";
				ENABLE_NS_ASSERTIONS = NO;
				ENABLE_STRICT_OBJC_MSGSEND = YES;
				ENABLE_USER_SCRIPT_SANDBOXING = YES;
				GCC_C_LANGUAGE_STANDARD = gnu17;
				GCC_NO_COMMON_BLOCKS = YES;
				GCC_WARN_64_TO_32_BIT_CONVERSION = YES;
				GCC_WARN_ABOUT_RETURN_TYPE = YES_ERROR;
				GCC_WARN_UNDECLARED_SELECTOR = YES;
				GCC_WARN_UNINITIALIZED_AUTOS = YES_AGGRESSIVE;
				GCC_WARN_UNUSED_FUNCTION = YES;
				GCC_WARN_UNUSED_VARIABLE = YES;
				IPHONEOS_DEPLOYMENT_TARGET = 17.4;
				LOCALIZATION_PREFERS_STRING_CATALOGS = YES;
				MTL_ENABLE_DEBUG_INFO = NO;
				MTL_FAST_MATH = YES;
				SDKROOT = iphoneos;
				SWIFT_COMPILATION_MODE = wholemodule;
				VALIDATE_PRODUCT = YES;
			};
			name = Release;
		};
		993BFE002BF2A50A00ED95C1 /* Debug */ = {
			isa = XCBuildConfiguration;
			buildSettings = {
				ASSETCATALOG_COMPILER_APPICON_NAME = AppIcon;
				ASSETCATALOG_COMPILER_GLOBAL_ACCENT_COLOR_NAME = AccentColor;
				CODE_SIGN_STYLE = Automatic;
				CURRENT_PROJECT_VERSION = 1;
				GENERATE_INFOPLIST_FILE = YES;
				INFOPLIST_FILE = RickyAndMorty/Info.plist;
				INFOPLIST_KEY_UIApplicationSupportsIndirectInputEvents = YES;
				INFOPLIST_KEY_UILaunchStoryboardName = LaunchScreen;
				INFOPLIST_KEY_UISupportedInterfaceOrientations_iPad = "UIInterfaceOrientationPortrait UIInterfaceOrientationPortraitUpsideDown UIInterfaceOrientationLandscapeLeft UIInterfaceOrientationLandscapeRight";
				INFOPLIST_KEY_UISupportedInterfaceOrientations_iPhone = "UIInterfaceOrientationPortrait UIInterfaceOrientationLandscapeLeft UIInterfaceOrientationLandscapeRight";
				LD_RUNPATH_SEARCH_PATHS = (
					"$(inherited)",
					"@executable_path/Frameworks",
				);
				MARKETING_VERSION = 1.0;
				PRODUCT_BUNDLE_IDENTIFIER = com.royston.RickyAndMorty;
				PRODUCT_NAME = "$(TARGET_NAME)";
				SWIFT_EMIT_LOC_STRINGS = YES;
				SWIFT_VERSION = 5.0;
				TARGETED_DEVICE_FAMILY = "1,2";
			};
			name = Debug;
		};
		993BFE012BF2A50A00ED95C1 /* Release */ = {
			isa = XCBuildConfiguration;
			buildSettings = {
				ASSETCATALOG_COMPILER_APPICON_NAME = AppIcon;
				ASSETCATALOG_COMPILER_GLOBAL_ACCENT_COLOR_NAME = AccentColor;
				CODE_SIGN_STYLE = Automatic;
				CURRENT_PROJECT_VERSION = 1;
				GENERATE_INFOPLIST_FILE = YES;
				INFOPLIST_FILE = RickyAndMorty/Info.plist;
				INFOPLIST_KEY_UIApplicationSupportsIndirectInputEvents = YES;
				INFOPLIST_KEY_UILaunchStoryboardName = LaunchScreen;
				INFOPLIST_KEY_UISupportedInterfaceOrientations_iPad = "UIInterfaceOrientationPortrait UIInterfaceOrientationPortraitUpsideDown UIInterfaceOrientationLandscapeLeft UIInterfaceOrientationLandscapeRight";
				INFOPLIST_KEY_UISupportedInterfaceOrientations_iPhone = "UIInterfaceOrientationPortrait UIInterfaceOrientationLandscapeLeft UIInterfaceOrientationLandscapeRight";
				LD_RUNPATH_SEARCH_PATHS = (
					"$(inherited)",
					"@executable_path/Frameworks",
				);
				MARKETING_VERSION = 1.0;
				PRODUCT_BUNDLE_IDENTIFIER = com.royston.RickyAndMorty;
				PRODUCT_NAME = "$(TARGET_NAME)";
				SWIFT_EMIT_LOC_STRINGS = YES;
				SWIFT_VERSION = 5.0;
				TARGETED_DEVICE_FAMILY = "1,2";
			};
			name = Release;
		};
/* End XCBuildConfiguration section */

/* Begin XCConfigurationList section */
		993BFDE62BF2A50900ED95C1 /* Build configuration list for PBXProject "RickyAndMorty" */ = {
			isa = XCConfigurationList;
			buildConfigurations = (
				993BFDFD2BF2A50A00ED95C1 /* Debug */,
				993BFDFE2BF2A50A00ED95C1 /* Release */,
			);
			defaultConfigurationIsVisible = 0;
			defaultConfigurationName = Release;
		};
		993BFDFF2BF2A50A00ED95C1 /* Build configuration list for PBXNativeTarget "RickyAndMorty" */ = {
			isa = XCConfigurationList;
			buildConfigurations = (
				993BFE002BF2A50A00ED95C1 /* Debug */,
				993BFE012BF2A50A00ED95C1 /* Release */,
			);
			defaultConfigurationIsVisible = 0;
			defaultConfigurationName = Release;
		};
/* End XCConfigurationList section */
	};
	rootObject = 993BFDE32BF2A50900ED95C1 /* Project object */;
}
